{
  "name": "zhishui",
  "version": "1.0.0",
  "lockfileVersion": 1,
  "dependencies": {
    "bootstrap": {
      "version": "3.3.7",
      "resolved": "https://registry.npmjs.org/bootstrap/-/bootstrap-3.3.7.tgz",
      "integrity": "sha1-WjiTlFSfIzMIdaOxUGVldPip63E=",
      "dev": true
    },
    "codemirror": {
      "version": "5.27.4",
      "resolved": "https://registry.npmjs.org/codemirror/-/codemirror-5.27.4.tgz",
      "integrity": "sha512-oOpSTMT3gj27u8NSkkrciuIpCqID3dvb8UGpS7eEm/F1x1DVinp6+ROLR+B8hXdxqVFpCl2NrR2BQe7zd3uH7g==",
      "dev": true
    },
    "jquery": {
      "version": "3.2.1",
      "resolved": "https://registry.npmjs.org/jquery/-/jquery-3.2.1.tgz",
      "integrity": "sha1-XE2d5lKvbNCncBVKYxu6ErAVx4c=",
      "dev": true
    },
    "nicescroll": {
      "version": "3.7.4",
      "resolved": "https://registry.npmjs.org/nicescroll/-/nicescroll-3.7.4.tgz",
      "integrity": "sha1-jP07WPuV58XLJ54iCPwQ6pDjWhg=",
      "dev": true
    }
  }
}
